{
  "name": "greenlocate",
  "lockfileVersion": 3,
  "requires": true,
  "packages": {
    "": {
      "dependencies": {
        "@awesome-cordova-plugins/geolocation": "^6.7.0",
        "@awesome-cordova-plugins/native-geocoder": "^6.7.0",
        "cordova-plugin-geolocation": "^5.0.0",
        "cordova-plugin-nativegeocoder": "^3.5.1"
      }
    },
    "node_modules/@awesome-cordova-plugins/core": {
      "version": "6.7.0",
      "resolved": "https://registry.npmjs.org/@awesome-cordova-plugins/core/-/core-6.7.0.tgz",
      "integrity": "sha512-VZGn/FkmgEoHdFJ7KXHLDcnvU6p+QHdOP9eIfTwsu+IltNt7Yv+i60FO0i/n16RhhbxOaH7V3Uk8lFUBfXxWug==",
      "peer": true,
      "dependencies": {
        "@types/cordova": "latest"
      },
      "peerDependencies": {
        "rxjs": "^5.5.0 || ^6.5.0 || ^7.3.0"
      }
    },
    "node_modules/@awesome-cordova-plugins/geolocation": {
      "version": "6.7.0",
      "resolved": "https://registry.npmjs.org/@awesome-cordova-plugins/geolocation/-/geolocation-6.7.0.tgz",
      "integrity": "sha512-znV00b13kXgYTjkL4W/h7vfLFdNrY+sfCTNvHajFTEw00Y/aQrD45C8/hfU5cicfeWwbozm33c30GPB1AExJJQ==",
      "dependencies": {
        "@types/cordova": "latest"
      },
      "peerDependencies": {
        "@awesome-cordova-plugins/core": "^6.0.1",
        "rxjs": "^5.5.0 || ^6.5.0 || ^7.3.0"
      }
    },
    "node_modules/@awesome-cordova-plugins/native-geocoder": {
      "version": "6.7.0",
      "resolved": "https://registry.npmjs.org/@awesome-cordova-plugins/native-geocoder/-/native-geocoder-6.7.0.tgz",
      "integrity": "sha512-tMloE9EuhgbCxhrO1ogZWc/Yoc7NFznSKmS65FrbP5S7erxcjmKT/cibyzoIkj21mVXXcWj079v6bPmMHBPmQQ==",
      "dependencies": {
        "@types/cordova": "latest"
      },
      "peerDependencies": {
        "@awesome-cordova-plugins/core": "^6.0.1",
        "rxjs": "^5.5.0 || ^6.5.0 || ^7.3.0"
      }
    },
    "node_modules/@types/cordova": {
      "version": "11.0.3",
      "resolved": "https://registry.npmjs.org/@types/cordova/-/cordova-11.0.3.tgz",
      "integrity": "sha512-kyuRQ40/NWQVhqGIHq78Ehu2Bf9Mlg0LhmSmis6ZFJK7z933FRfYi8tHe/k/0fB+PGfCf95rJC6TO7dopaFvAg=="
    },
    "node_modules/cordova-plugin-geolocation": {
      "version": "5.0.0",
      "resolved": "https://registry.npmjs.org/cordova-plugin-geolocation/-/cordova-plugin-geolocation-5.0.0.tgz",
      "integrity": "sha512-eIk96pF59y3AK+NHeyA0si9eFhZElgOcFoGoTU9LDlnEYpfBN+V4ojRpKq3NMLCGTozew22/i9najFu9Kvb40g==",
      "engines": {
        "cordovaDependencies": {
          "3.0.0": {
            "cordova-android": ">=6.3.0"
          },
          "6.0.0": {
            "cordova": ">100"
          }
        }
      }
    },
    "node_modules/cordova-plugin-nativegeocoder": {
      "version": "3.5.1",
      "resolved": "https://registry.npmjs.org/cordova-plugin-nativegeocoder/-/cordova-plugin-nativegeocoder-3.5.1.tgz",
      "integrity": "sha512-cE8STHeQmda4dDIvh2cN7Ue8lZoIbmfzjKOQSmTbNoWmX06Wq4P63pl6Kdejz28suc/lagu7Z14KsJv7oE/P5w=="
    },
    "node_modules/rxjs": {
      "version": "7.8.1",
      "resolved": "https://registry.npmjs.org/rxjs/-/rxjs-7.8.1.tgz",
      "integrity": "sha512-AA3TVj+0A2iuIoQkWEK/tqFjBq2j+6PO6Y0zJcvzLAFhEFIO3HL0vls9hWLncZbAAbK0mar7oZ4V079I/qPMxg==",
      "peer": true,
      "dependencies": {
        "tslib": "^2.1.0"
      }
    },
    "node_modules/tslib": {
      "version": "2.6.3",
      "resolved": "https://registry.npmjs.org/tslib/-/tslib-2.6.3.tgz",
      "integrity": "sha512-xNvxJEOUiWPGhUuUdQgAJPKOOJfGnIyKySOc09XkKsgdUV/3E2zvwZYdejjmRgPCgcym1juLH3226yA7sEFJKQ==",
      "peer": true
    }
  }
}
